
Microsoft Visual Studio Solution File, Format Version 11.00
# Visual C# Express 2010
Project("{FAE04EC0-301F-11D3-BF4B-00C04F79EFBC}") = "DesktopColorpicker", "DesktopColorpicker\DesktopColorpicker.csproj", "{61E5D3F5-47B9-438F-8005-2EB17D07937E}"
EndProject
Project("{FAE04EC0-301F-11D3-BF4B-00C04F79EFBC}") = "Unity3.Eyedropper", "..\..\Libraries\Unity3_EyeDropper\Unity3.Eyedropper\Unity3.Eyedropper\Unity3.Eyedropper.csproj", "{66E06288-628C-4C14-BA4F-21A777A12F4D}"
EndProject
Global
	GlobalSection(SolutionConfigurationPlatforms) = preSolution
		Debug|Any CPU = Debug|Any CPU
		Debug|Mixed Platforms = Debug|Mixed Platforms
		Debug|x86 = Debug|x86
		Release|Any CPU = Release|Any CPU
		Release|Mixed Platforms = Release|Mixed Platforms
		Release|x86 = Release|x86
	EndGlobalSection
	GlobalSection(ProjectConfigurationPlatforms) = postSolution
		{61E5D3F5-47B9-438F-8005-2EB17D07937E}.Debug|Any CPU.ActiveCfg = Debug|x86
		{61E5D3F5-47B9-438F-8005-2EB17D07937E}.Debug|Mixed Platforms.ActiveCfg = Debug|x86
		{61E5D3F5-47B9-438F-8005-2EB17D07937E}.Debug|Mixed Platforms.Build.0 = Debug|x86
		{61E5D3F5-47B9-438F-8005-2EB17D07937E}.Debug|x86.ActiveCfg = Debug|x86
		{61E5D3F5-47B9-438F-8005-2EB17D07937E}.Debug|x86.Build.0 = Debug|x86
		{61E5D3F5-47B9-438F-8005-2EB17D07937E}.Release|Any CPU.ActiveCfg = Release|x86
		{61E5D3F5-47B9-438F-8005-2EB17D07937E}.Release|Mixed Platforms.ActiveCfg = Release|x86
		{61E5D3F5-47B9-438F-8005-2EB17D07937E}.Release|Mixed Platforms.Build.0 = Release|x86
		{61E5D3F5-47B9-438F-8005-2EB17D07937E}.Release|x86.ActiveCfg = Release|x86
		{61E5D3F5-47B9-438F-8005-2EB17D07937E}.Release|x86.Build.0 = Release|x86
		{66E06288-628C-4C14-BA4F-21A777A12F4D}.Debug|Any CPU.ActiveCfg = Debug|Any CPU
		{66E06288-628C-4C14-BA4F-21A777A12F4D}.Debug|Any CPU.Build.0 = Debug|Any CPU
		{66E06288-628C-4C14-BA4F-21A777A12F4D}.Debug|Mixed Platforms.ActiveCfg = Debug|Any CPU
		{66E06288-628C-4C14-BA4F-21A777A12F4D}.Debug|Mixed Platforms.Build.0 = Debug|Any CPU
		{66E06288-628C-4C14-BA4F-21A777A12F4D}.Debug|x86.ActiveCfg = Debug|Any CPU
		{66E06288-628C-4C14-BA4F-21A777A12F4D}.Release|Any CPU.ActiveCfg = Release|Any CPU
		{66E06288-628C-4C14-BA4F-21A777A12F4D}.Release|Any CPU.Build.0 = Release|Any CPU
		{66E06288-628C-4C14-BA4F-21A777A12F4D}.Release|Mixed Platforms.ActiveCfg = Release|Any CPU
		{66E06288-628C-4C14-BA4F-21A777A12F4D}.Release|Mixed Platforms.Build.0 = Release|Any CPU
		{66E06288-628C-4C14-BA4F-21A777A12F4D}.Release|x86.ActiveCfg = Release|Any CPU
	EndGlobalSection
	GlobalSection(SolutionProperties) = preSolution
		HideSolutionNode = FALSE
	EndGlobalSection
EndGlobal
